
Microsoft Visual Studio Solution File, Format Version 11.00
# Visual Studio 2010
Project("{FAE04EC0-301F-11D3-BF4B-00C04F79EFBC}") = "RAFManager", "RAFManager\RAFManager.csproj", "{298D7AEA-B775-4DD2-ABBB-D8A9C1792B6F}"
EndProject
Project("{FAE04EC0-301F-11D3-BF4B-00C04F79EFBC}") = "RAFLib", "..\RAFLib\RAFLib.csproj", "{4661A92E-7729-4021-B35F-D5BDA01A79F9}"
EndProject
Project("{FAE04EC0-301F-11D3-BF4B-00C04F79EFBC}") = "zlib.net", "..\zlib.net\zlib.net.csproj", "{0C89B7A2-A218-49E4-B545-5B044A45F977}"
EndProject
Project("{FAE04EC0-301F-11D3-BF4B-00C04F79EFBC}") = "ItzWarty", "..\ItzWartyLib\ItzWarty\ItzWartyLib\ItzWarty.csproj", "{097B6B08-4034-408A-B3C0-A12E8F9E8893}"
EndProject
Project("{FAE04EC0-301F-11D3-BF4B-00C04F79EFBC}") = "Be.Windows.Forms.HexBox", "ThirdParty\Be.Windows.Forms.HexBox\Be.Windows.Forms.HexBox.csproj", "{26C5F25F-B450-4CAF-AD8B-B8D11AE73457}"
EndProject
Global
	GlobalSection(SubversionScc) = preSolution
		Svn-Managed = True
		Manager = AnkhSVN - Subversion Support for Visual Studio
	EndGlobalSection
	GlobalSection(SolutionConfigurationPlatforms) = preSolution
		ClientProfileRelease|Any CPU = ClientProfileRelease|Any CPU
		ClientProfileRelease|Mixed Platforms = ClientProfileRelease|Mixed Platforms
		ClientProfileRelease|x86 = ClientProfileRelease|x86
		Debug|Any CPU = Debug|Any CPU
		Debug|Mixed Platforms = Debug|Mixed Platforms
		Debug|x86 = Debug|x86
		Release|Any CPU = Release|Any CPU
		Release|Mixed Platforms = Release|Mixed Platforms
		Release|x86 = Release|x86
	EndGlobalSection
	GlobalSection(ProjectConfigurationPlatforms) = postSolution
		{298D7AEA-B775-4DD2-ABBB-D8A9C1792B6F}.ClientProfileRelease|Any CPU.ActiveCfg = Release|x86
		{298D7AEA-B775-4DD2-ABBB-D8A9C1792B6F}.ClientProfileRelease|Mixed Platforms.ActiveCfg = Release|x86
		{298D7AEA-B775-4DD2-ABBB-D8A9C1792B6F}.ClientProfileRelease|Mixed Platforms.Build.0 = Release|x86
		{298D7AEA-B775-4DD2-ABBB-D8A9C1792B6F}.ClientProfileRelease|x86.ActiveCfg = Release|x86
		{298D7AEA-B775-4DD2-ABBB-D8A9C1792B6F}.ClientProfileRelease|x86.Build.0 = Release|x86
		{298D7AEA-B775-4DD2-ABBB-D8A9C1792B6F}.Debug|Any CPU.ActiveCfg = Debug|x86
		{298D7AEA-B775-4DD2-ABBB-D8A9C1792B6F}.Debug|Mixed Platforms.ActiveCfg = Debug|x86
		{298D7AEA-B775-4DD2-ABBB-D8A9C1792B6F}.Debug|Mixed Platforms.Build.0 = Debug|x86
		{298D7AEA-B775-4DD2-ABBB-D8A9C1792B6F}.Debug|x86.ActiveCfg = Debug|x86
		{298D7AEA-B775-4DD2-ABBB-D8A9C1792B6F}.Debug|x86.Build.0 = Debug|x86
		{298D7AEA-B775-4DD2-ABBB-D8A9C1792B6F}.Release|Any CPU.ActiveCfg = Release|x86
		{298D7AEA-B775-4DD2-ABBB-D8A9C1792B6F}.Release|Mixed Platforms.ActiveCfg = Release|x86
		{298D7AEA-B775-4DD2-ABBB-D8A9C1792B6F}.Release|Mixed Platforms.Build.0 = Release|x86
		{298D7AEA-B775-4DD2-ABBB-D8A9C1792B6F}.Release|x86.ActiveCfg = Release|x86
		{298D7AEA-B775-4DD2-ABBB-D8A9C1792B6F}.Release|x86.Build.0 = Release|x86
		{4661A92E-7729-4021-B35F-D5BDA01A79F9}.ClientProfileRelease|Any CPU.ActiveCfg = Release|x86
		{4661A92E-7729-4021-B35F-D5BDA01A79F9}.ClientProfileRelease|Mixed Platforms.ActiveCfg = Release|x86
		{4661A92E-7729-4021-B35F-D5BDA01A79F9}.ClientProfileRelease|Mixed Platforms.Build.0 = Release|x86
		{4661A92E-7729-4021-B35F-D5BDA01A79F9}.ClientProfileRelease|x86.ActiveCfg = Release|x86
		{4661A92E-7729-4021-B35F-D5BDA01A79F9}.ClientProfileRelease|x86.Build.0 = Release|x86
		{4661A92E-7729-4021-B35F-D5BDA01A79F9}.Debug|Any CPU.ActiveCfg = Debug|x86
		{4661A92E-7729-4021-B35F-D5BDA01A79F9}.Debug|Mixed Platforms.ActiveCfg = Debug|x86
		{4661A92E-7729-4021-B35F-D5BDA01A79F9}.Debug|Mixed Platforms.Build.0 = Debug|x86
		{4661A92E-7729-4021-B35F-D5BDA01A79F9}.Debug|x86.ActiveCfg = Debug|x86
		{4661A92E-7729-4021-B35F-D5BDA01A79F9}.Debug|x86.Build.0 = Debug|x86
		{4661A92E-7729-4021-B35F-D5BDA01A79F9}.Release|Any CPU.ActiveCfg = Release|x86
		{4661A92E-7729-4021-B35F-D5BDA01A79F9}.Release|Mixed Platforms.ActiveCfg = Release|x86
		{4661A92E-7729-4021-B35F-D5BDA01A79F9}.Release|Mixed Platforms.Build.0 = Release|x86
		{4661A92E-7729-4021-B35F-D5BDA01A79F9}.Release|x86.ActiveCfg = Release|x86
		{4661A92E-7729-4021-B35F-D5BDA01A79F9}.Release|x86.Build.0 = Release|x86
		{0C89B7A2-A218-49E4-B545-5B044A45F977}.ClientProfileRelease|Any CPU.ActiveCfg = Release|Any CPU
		{0C89B7A2-A218-49E4-B545-5B044A45F977}.ClientProfileRelease|Any CPU.Build.0 = Release|Any CPU
		{0C89B7A2-A218-49E4-B545-5B044A45F977}.ClientProfileRelease|Mixed Platforms.ActiveCfg = Release|Any CPU
		{0C89B7A2-A218-49E4-B545-5B044A45F977}.ClientProfileRelease|Mixed Platforms.Build.0 = Release|Any CPU
		{0C89B7A2-A218-49E4-B545-5B044A45F977}.ClientProfileRelease|x86.ActiveCfg = Release|Any CPU
		{0C89B7A2-A218-49E4-B545-5B044A45F977}.Debug|Any CPU.ActiveCfg = Debug|Any CPU
		{0C89B7A2-A218-49E4-B545-5B044A45F977}.Debug|Any CPU.Build.0 = Debug|Any CPU
		{0C89B7A2-A218-49E4-B545-5B044A45F977}.Debug|Mixed Platforms.ActiveCfg = Debug|Any CPU
		{0C89B7A2-A218-49E4-B545-5B044A45F977}.Debug|Mixed Platforms.Build.0 = Debug|Any CPU
		{0C89B7A2-A218-49E4-B545-5B044A45F977}.Debug|x86.ActiveCfg = Debug|Any CPU
		{0C89B7A2-A218-49E4-B545-5B044A45F977}.Release|Any CPU.ActiveCfg = Release|Any CPU
		{0C89B7A2-A218-49E4-B545-5B044A45F977}.Release|Any CPU.Build.0 = Release|Any CPU
		{0C89B7A2-A218-49E4-B545-5B044A45F977}.Release|Mixed Platforms.ActiveCfg = Release|Any CPU
		{0C89B7A2-A218-49E4-B545-5B044A45F977}.Release|Mixed Platforms.Build.0 = Release|Any CPU
		{0C89B7A2-A218-49E4-B545-5B044A45F977}.Release|x86.ActiveCfg = Release|Any CPU
		{097B6B08-4034-408A-B3C0-A12E8F9E8893}.ClientProfileRelease|Any CPU.ActiveCfg = Release|Any CPU
		{097B6B08-4034-408A-B3C0-A12E8F9E8893}.ClientProfileRelease|Any CPU.Build.0 = Release|Any CPU
		{097B6B08-4034-408A-B3C0-A12E8F9E8893}.ClientProfileRelease|Mixed Platforms.ActiveCfg = Release|Any CPU
		{097B6B08-4034-408A-B3C0-A12E8F9E8893}.ClientProfileRelease|Mixed Platforms.Build.0 = Release|Any CPU
		{097B6B08-4034-408A-B3C0-A12E8F9E8893}.ClientProfileRelease|x86.ActiveCfg = Release|Any CPU
		{097B6B08-4034-408A-B3C0-A12E8F9E8893}.Debug|Any CPU.ActiveCfg = Debug|Any CPU
		{097B6B08-4034-408A-B3C0-A12E8F9E8893}.Debug|Any CPU.Build.0 = Debug|Any CPU
		{097B6B08-4034-408A-B3C0-A12E8F9E8893}.Debug|Mixed Platforms.ActiveCfg = Debug|Any CPU
		{097B6B08-4034-408A-B3C0-A12E8F9E8893}.Debug|Mixed Platforms.Build.0 = Debug|Any CPU
		{097B6B08-4034-408A-B3C0-A12E8F9E8893}.Debug|x86.ActiveCfg = Debug|Any CPU
		{097B6B08-4034-408A-B3C0-A12E8F9E8893}.Release|Any CPU.ActiveCfg = Release|Any CPU
		{097B6B08-4034-408A-B3C0-A12E8F9E8893}.Release|Any CPU.Build.0 = Release|Any CPU
		{097B6B08-4034-408A-B3C0-A12E8F9E8893}.Release|Mixed Platforms.ActiveCfg = Release|Any CPU
		{097B6B08-4034-408A-B3C0-A12E8F9E8893}.Release|Mixed Platforms.Build.0 = Release|Any CPU
		{097B6B08-4034-408A-B3C0-A12E8F9E8893}.Release|x86.ActiveCfg = Release|Any CPU
		{26C5F25F-B450-4CAF-AD8B-B8D11AE73457}.ClientProfileRelease|Any CPU.ActiveCfg = ClientProfileRelease|Any CPU
		{26C5F25F-B450-4CAF-AD8B-B8D11AE73457}.ClientProfileRelease|Any CPU.Build.0 = ClientProfileRelease|Any CPU
		{26C5F25F-B450-4CAF-AD8B-B8D11AE73457}.ClientProfileRelease|Mixed Platforms.ActiveCfg = ClientProfileRelease|Any CPU
		{26C5F25F-B450-4CAF-AD8B-B8D11AE73457}.ClientProfileRelease|Mixed Platforms.Build.0 = ClientProfileRelease|Any CPU
		{26C5F25F-B450-4CAF-AD8B-B8D11AE73457}.ClientProfileRelease|x86.ActiveCfg = ClientProfileRelease|Any CPU
		{26C5F25F-B450-4CAF-AD8B-B8D11AE73457}.Debug|Any CPU.ActiveCfg = Debug|Any CPU
		{26C5F25F-B450-4CAF-AD8B-B8D11AE73457}.Debug|Any CPU.Build.0 = Debug|Any CPU
		{26C5F25F-B450-4CAF-AD8B-B8D11AE73457}.Debug|Mixed Platforms.ActiveCfg = Debug|Any CPU
		{26C5F25F-B450-4CAF-AD8B-B8D11AE73457}.Debug|Mixed Platforms.Build.0 = Debug|Any CPU
		{26C5F25F-B450-4CAF-AD8B-B8D11AE73457}.Debug|x86.ActiveCfg = Debug|Any CPU
		{26C5F25F-B450-4CAF-AD8B-B8D11AE73457}.Release|Any CPU.ActiveCfg = Release|Any CPU
		{26C5F25F-B450-4CAF-AD8B-B8D11AE73457}.Release|Any CPU.Build.0 = Release|Any CPU
		{26C5F25F-B450-4CAF-AD8B-B8D11AE73457}.Release|Mixed Platforms.ActiveCfg = Release|Any CPU
		{26C5F25F-B450-4CAF-AD8B-B8D11AE73457}.Release|Mixed Platforms.Build.0 = Release|Any CPU
		{26C5F25F-B450-4CAF-AD8B-B8D11AE73457}.Release|x86.ActiveCfg = Release|Any CPU
	EndGlobalSection
	GlobalSection(SolutionProperties) = preSolution
		HideSolutionNode = FALSE
	EndGlobalSection
EndGlobal
